
Microsoft Visual Studio Solution File, Format Version 12.00
# Visual Studio 15
VisualStudioVersion = 15.0.28307.168
MinimumVisualStudioVersion = 10.0.40219.1
Project("{FAE04EC0-301F-11D3-BF4B-00C04F79EFBC}") = "DailyTracker", "DailyTracker\DailyTracker.csproj", "{C9352AA7-BBEF-4926-8071-FBADC8E446D8}"
EndProject
Global
	GlobalSection(SolutionConfigurationPlatforms) = preSolution
		Debug|Any CPU = Debug|Any CPU
		Release|Any CPU = Release|Any CPU
	EndGlobalSection
	GlobalSection(ProjectConfigurationPlatforms) = postSolution
		{C9352AA7-BBEF-4926-8071-FBADC8E446D8}.Debug|Any CPU.ActiveCfg = Debug|Any CPU
		{C9352AA7-BBEF-4926-8071-FBADC8E446D8}.Debug|Any CPU.Build.0 = Debug|Any CPU
		{C9352AA7-BBEF-4926-8071-FBADC8E446D8}.Release|Any CPU.ActiveCfg = Release|Any CPU
		{C9352AA7-BBEF-4926-8071-FBADC8E446D8}.Release|Any CPU.Build.0 = Release|Any CPU
	EndGlobalSection
	GlobalSection(SolutionProperties) = preSolution
		HideSolutionNode = FALSE
	EndGlobalSection
	GlobalSection(ExtensibilityGlobals) = postSolution
		SolutionGuid = {2A72210E-DB2F-4564-B506-A4CD0A0F2194}
	EndGlobalSection
EndGlobal
